// !$*UTF8*$!
{
	archiveVersion = 1;
	classes = {
	};
	objectVersion = 51;
	objects = {

/* Begin PBXBuildFile section */
		061EAFA124E0C23D00E18460 /* AppDelegate.swift in Sources */ = {isa = PBXBuildFile; fileRef = 061EAFA024E0C23D00E18460 /* AppDelegate.swift */; };
		061EAFA324E0C23D00E18460 /* SceneDelegate.swift in Sources */ = {isa = PBXBuildFile; fileRef = 061EAFA224E0C23D00E18460 /* SceneDelegate.swift */; };
		061EAFA524E0C23D00E18460 /* ViewController.swift in Sources */ = {isa = PBXBuildFile; fileRef = 061EAFA424E0C23D00E18460 /* ViewController.swift */; };
		061EAFA824E0C23D00E18460 /* Main.storyboard in Resources */ = {isa = PBXBuildFile; fileRef = 061EAFA624E0C23D00E18460 /* Main.storyboard */; };
		061EAFAA24E0C23F00E18460 /* Assets.xcassets in Resources */ = {isa = PBXBuildFile; fileRef = 061EAFA924E0C23F00E18460 /* Assets.xcassets */; };
		061EAFAD24E0C23F00E18460 /* LaunchScreen.storyboard in Resources */ = {isa = PBXBuildFile; fileRef = 061EAFAB24E0C23F00E18460 /* LaunchScreen.storyboard */; };
		061EAFB824E0C24000E18460 /* FickrTests.swift in Sources */ = {isa = PBXBuildFile; fileRef = 061EAFB724E0C24000E18460 /* FickrTests.swift */; };
		061EAFC324E0C24000E18460 /* FickrUITests.swift in Sources */ = {isa = PBXBuildFile; fileRef = 061EAFC224E0C24000E18460 /* FickrUITests.swift */; };
		061EAFD824E0D06100E18460 /* APIService.swift in Sources */ = {isa = PBXBuildFile; fileRef = 061EAFD724E0D06100E18460 /* APIService.swift */; };
		061EAFDA24E0D07100E18460 /* APIRoutable.swift in Sources */ = {isa = PBXBuildFile; fileRef = 061EAFD924E0D07100E18460 /* APIRoutable.swift */; };
		061EAFDD24E0E10500E18460 /* PhotoModel.swift in Sources */ = {isa = PBXBuildFile; fileRef = 061EAFDC24E0E10500E18460 /* PhotoModel.swift */; };
		061EAFDF24E0FCB100E18460 /* SearchService.swift in Sources */ = {isa = PBXBuildFile; fileRef = 061EAFDE24E0FCB100E18460 /* SearchService.swift */; };
		061EAFE124E0FCDC00E18460 /* SearchRouter.swift in Sources */ = {isa = PBXBuildFile; fileRef = 061EAFE024E0FCDC00E18460 /* SearchRouter.swift */; };
		061EAFE424E1095F00E18460 /* SearchResponseModel.swift in Sources */ = {isa = PBXBuildFile; fileRef = 061EAFE324E1095F00E18460 /* SearchResponseModel.swift */; };
		061EAFE624E10B4A00E18460 /* SearchViewModel.swift in Sources */ = {isa = PBXBuildFile; fileRef = 061EAFE524E10B4A00E18460 /* SearchViewModel.swift */; };
		061EAFE824E1101D00E18460 /* DependencyRepository.swift in Sources */ = {isa = PBXBuildFile; fileRef = 061EAFE724E1101D00E18460 /* DependencyRepository.swift */; };
		0639ECAB24E176700066EACD /* FiltersRowView.swift in Sources */ = {isa = PBXBuildFile; fileRef = 0639ECAA24E176700066EACD /* FiltersRowView.swift */; };
		0639ECAE24E1784F0066EACD /* FilterViewController.swift in Sources */ = {isa = PBXBuildFile; fileRef = 0639ECAD24E1784F0066EACD /* FilterViewController.swift */; };
		0639ECB024E179610066EACD /* FilterTableViewCell.swift in Sources */ = {isa = PBXBuildFile; fileRef = 0639ECAF24E179610066EACD /* FilterTableViewCell.swift */; };
		0639ECB224E179AA0066EACD /* FiltersViewModel.swift in Sources */ = {isa = PBXBuildFile; fileRef = 0639ECB124E179AA0066EACD /* FiltersViewModel.swift */; };
		0680458E24E12566002319A6 /* PhotoCollectionViewCell.swift in Sources */ = {isa = PBXBuildFile; fileRef = 0680458D24E12566002319A6 /* PhotoCollectionViewCell.swift */; };
		0682558E24E21B9C005833BA /* FilterModel.swift in Sources */ = {isa = PBXBuildFile; fileRef = 0682558D24E21B9C005833BA /* FilterModel.swift */; };
		0682559024E21C4B005833BA /* FilterCellViewModel.swift in Sources */ = {isa = PBXBuildFile; fileRef = 0682558F24E21C4B005833BA /* FilterCellViewModel.swift */; };
		06C50D6A24E1299700523054 /* PhotoCellViewModel.swift in Sources */ = {isa = PBXBuildFile; fileRef = 06C50D6924E1299700523054 /* PhotoCellViewModel.swift */; };
		24C3E54D0637B48A2E0C8AB8 /* Pods_Fickr.framework in Frameworks */ = {isa = PBXBuildFile; fileRef = C4F420D126A2A6762F6FB443 /* Pods_Fickr.framework */; };
		6258444766BEE1525408F466 /* Pods_FickrTests.framework in Frameworks */ = {isa = PBXBuildFile; fileRef = 275399DFDC3E95A541790F30 /* Pods_FickrTests.framework */; };
		7528CCF2072CF5DD6134B706 /* Pods_Fickr_FickrUITests.framework in Frameworks */ = {isa = PBXBuildFile; fileRef = C2B83C0A1AB8FC89D92D7449 /* Pods_Fickr_FickrUITests.framework */; };
/* End PBXBuildFile section */

/* Begin PBXContainerItemProxy section */
		061EAFB424E0C24000E18460 /* PBXContainerItemProxy */ = {
			isa = PBXContainerItemProxy;
			containerPortal = 061EAF9524E0C23D00E18460 /* Project object */;
			proxyType = 1;
			remoteGlobalIDString = 061EAF9C24E0C23D00E18460;
			remoteInfo = Fickr;
		};
		061EAFBF24E0C24000E18460 /* PBXContainerItemProxy */ = {
			isa = PBXContainerItemProxy;
			containerPortal = 061EAF9524E0C23D00E18460 /* Project object */;
			proxyType = 1;
			remoteGlobalIDString = 061EAF9C24E0C23D00E18460;
			remoteInfo = Fickr;
		};
/* End PBXContainerItemProxy section */

/* Begin PBXFileReference section */
		061EAF9D24E0C23D00E18460 /* Fickr.app */ = {isa = PBXFileReference; explicitFileType = wrapper.application; includeInIndex = 0; path = Fickr.app; sourceTree = BUILT_PRODUCTS_DIR; };
		061EAFA024E0C23D00E18460 /* AppDelegate.swift */ = {isa = PBXFileReference; lastKnownFileType = sourcecode.swift; path = AppDelegate.swift; sourceTree = "<group>"; };
		061EAFA224E0C23D00E18460 /* SceneDelegate.swift */ = {isa = PBXFileReference; lastKnownFileType = sourcecode.swift; path = SceneDelegate.swift; sourceTree = "<group>"; };
		061EAFA424E0C23D00E18460 /* ViewController.swift */ = {isa = PBXFileReference; lastKnownFileType = sourcecode.swift; path = ViewController.swift; sourceTree = "<group>"; };
		061EAFA724E0C23D00E18460 /* Base */ = {isa = PBXFileReference; lastKnownFileType = file.storyboard; name = Base; path = Base.lproj/Main.storyboard; sourceTree = "<group>"; };
		061EAFA924E0C23F00E18460 /* Assets.xcassets */ = {isa = PBXFileReference; lastKnownFileType = folder.assetcatalog; path = Assets.xcassets; sourceTree = "<group>"; };
		061EAFAC24E0C23F00E18460 /* Base */ = {isa = PBXFileReference; lastKnownFileType = file.storyboard; name = Base; path = Base.lproj/LaunchScreen.storyboard; sourceTree = "<group>"; };
		061EAFAE24E0C23F00E18460 /* Info.plist */ = {isa = PBXFileReference; lastKnownFileType = text.plist.xml; path = Info.plist; sourceTree = "<group>"; };
		061EAFB324E0C24000E18460 /* FickrTests.xctest */ = {isa = PBXFileReference; explicitFileType = wrapper.cfbundle; includeInIndex = 0; path = FickrTests.xctest; sourceTree = BUILT_PRODUCTS_DIR; };
		061EAFB724E0C24000E18460 /* FickrTests.swift */ = {isa = PBXFileReference; lastKnownFileType = sourcecode.swift; path = FickrTests.swift; sourceTree = "<group>"; };
		061EAFB924E0C24000E18460 /* Info.plist */ = {isa = PBXFileReference; lastKnownFileType = text.plist.xml; path = Info.plist; sourceTree = "<group>"; };
		061EAFBE24E0C24000E18460 /* FickrUITests.xctest */ = {isa = PBXFileReference; explicitFileType = wrapper.cfbundle; includeInIndex = 0; path = FickrUITests.xctest; sourceTree = BUILT_PRODUCTS_DIR; };
		061EAFC224E0C24000E18460 /* FickrUITests.swift */ = {isa = PBXFileReference; lastKnownFileType = sourcecode.swift; path = FickrUITests.swift; sourceTree = "<group>"; };
		061EAFC424E0C24000E18460 /* Info.plist */ = {isa = PBXFileReference; lastKnownFileType = text.plist.xml; path = Info.plist; sourceTree = "<group>"; };
		061EAFD124E0C34C00E18460 /* AppConfiguration.xcconfig */ = {isa = PBXFileReference; lastKnownFileType = text.xcconfig; path = AppConfiguration.xcconfig; sourceTree = "<group>"; };
		061EAFD724E0D06100E18460 /* APIService.swift */ = {isa = PBXFileReference; lastKnownFileType = sourcecode.swift; path = APIService.swift; sourceTree = "<group>"; };
		061EAFD924E0D07100E18460 /* APIRoutable.swift */ = {isa = PBXFileReference; lastKnownFileType = sourcecode.swift; path = APIRoutable.swift; sourceTree = "<group>"; };
		061EAFDC24E0E10500E18460 /* PhotoModel.swift */ = {isa = PBXFileReference; lastKnownFileType = sourcecode.swift; path = PhotoModel.swift; sourceTree = "<group>"; };
		061EAFDE24E0FCB100E18460 /* SearchService.swift */ = {isa = PBXFileReference; lastKnownFileType = sourcecode.swift; path = SearchService.swift; sourceTree = "<group>"; };
		061EAFE024E0FCDC00E18460 /* SearchRouter.swift */ = {isa = PBXFileReference; lastKnownFileType = sourcecode.swift; path = SearchRouter.swift; sourceTree = "<group>"; };
		061EAFE324E1095F00E18460 /* SearchResponseModel.swift */ = {isa = PBXFileReference; lastKnownFileType = sourcecode.swift; path = SearchResponseModel.swift; sourceTree = "<group>"; };
		061EAFE524E10B4A00E18460 /* SearchViewModel.swift */ = {isa = PBXFileReference; lastKnownFileType = sourcecode.swift; path = SearchViewModel.swift; sourceTree = "<group>"; };
		061EAFE724E1101D00E18460 /* DependencyRepository.swift */ = {isa = PBXFileReference; lastKnownFileType = sourcecode.swift; path = DependencyRepository.swift; sourceTree = "<group>"; };
		0639ECAA24E176700066EACD /* FiltersRowView.swift */ = {isa = PBXFileReference; lastKnownFileType = sourcecode.swift; path = FiltersRowView.swift; sourceTree = "<group>"; };
		0639ECAD24E1784F0066EACD /* FilterViewController.swift */ = {isa = PBXFileReference; lastKnownFileType = sourcecode.swift; path = FilterViewController.swift; sourceTree = "<group>"; };
		0639ECAF24E179610066EACD /* FilterTableViewCell.swift */ = {isa = PBXFileReference; lastKnownFileType = sourcecode.swift; path = FilterTableViewCell.swift; sourceTree = "<group>"; };
		0639ECB124E179AA0066EACD /* FiltersViewModel.swift */ = {isa = PBXFileReference; lastKnownFileType = sourcecode.swift; path = FiltersViewModel.swift; sourceTree = "<group>"; };
		0680458D24E12566002319A6 /* PhotoCollectionViewCell.swift */ = {isa = PBXFileReference; lastKnownFileType = sourcecode.swift; path = PhotoCollectionViewCell.swift; sourceTree = "<group>"; };
		0682558D24E21B9C005833BA /* FilterModel.swift */ = {isa = PBXFileReference; lastKnownFileType = sourcecode.swift; path = FilterModel.swift; sourceTree = "<group>"; };
		0682558F24E21C4B005833BA /* FilterCellViewModel.swift */ = {isa = PBXFileReference; lastKnownFileType = sourcecode.swift; path = FilterCellViewModel.swift; sourceTree = "<group>"; };
		06C50D6924E1299700523054 /* PhotoCellViewModel.swift */ = {isa = PBXFileReference; lastKnownFileType = sourcecode.swift; path = PhotoCellViewModel.swift; sourceTree = "<group>"; };
		275399DFDC3E95A541790F30 /* Pods_FickrTests.framework */ = {isa = PBXFileReference; explicitFileType = wrapper.framework; includeInIndex = 0; path = Pods_FickrTests.framework; sourceTree = BUILT_PRODUCTS_DIR; };
		5962F9C631FF5F9D5D4E909B /* Pods-Fickr.release.xcconfig */ = {isa = PBXFileReference; includeInIndex = 1; lastKnownFileType = text.xcconfig; name = "Pods-Fickr.release.xcconfig"; path = "Target Support Files/Pods-Fickr/Pods-Fickr.release.xcconfig"; sourceTree = "<group>"; };
		8A11D0C5EAAD3C28E56BAFF9 /* Pods-Fickr-FickrUITests.debug.xcconfig */ = {isa = PBXFileReference; includeInIndex = 1; lastKnownFileType = text.xcconfig; name = "Pods-Fickr-FickrUITests.debug.xcconfig"; path = "Target Support Files/Pods-Fickr-FickrUITests/Pods-Fickr-FickrUITests.debug.xcconfig"; sourceTree = "<group>"; };
		A0A81F396E1DC2BC8EAE72E8 /* Pods-Fickr.debug.xcconfig */ = {isa = PBXFileReference; includeInIndex = 1; lastKnownFileType = text.xcconfig; name = "Pods-Fickr.debug.xcconfig"; path = "Target Support Files/Pods-Fickr/Pods-Fickr.debug.xcconfig"; sourceTree = "<group>"; };
		B065E8708C005FF37B0246B5 /* Pods-FickrTests.release.xcconfig */ = {isa = PBXFileReference; includeInIndex = 1; lastKnownFileType = text.xcconfig; name = "Pods-FickrTests.release.xcconfig"; path = "Target Support Files/Pods-FickrTests/Pods-FickrTests.release.xcconfig"; sourceTree = "<group>"; };
		BEE1B754E126C84589FC0DE6 /* Pods-FickrTests.debug.xcconfig */ = {isa = PBXFileReference; includeInIndex = 1; lastKnownFileType = text.xcconfig; name = "Pods-FickrTests.debug.xcconfig"; path = "Target Support Files/Pods-FickrTests/Pods-FickrTests.debug.xcconfig"; sourceTree = "<group>"; };
		C2B83C0A1AB8FC89D92D7449 /* Pods_Fickr_FickrUITests.framework */ = {isa = PBXFileReference; explicitFileType = wrapper.framework; includeInIndex = 0; path = Pods_Fickr_FickrUITests.framework; sourceTree = BUILT_PRODUCTS_DIR; };
		C4F420D126A2A6762F6FB443 /* Pods_Fickr.framework */ = {isa = PBXFileReference; explicitFileType = wrapper.framework; includeInIndex = 0; path = Pods_Fickr.framework; sourceTree = BUILT_PRODUCTS_DIR; };
		CBB9523E3065EE05D0A8BF30 /* Pods-Fickr-FickrUITests.release.xcconfig */ = {isa = PBXFileReference; includeInIndex = 1; lastKnownFileType = text.xcconfig; name = "Pods-Fickr-FickrUITests.release.xcconfig"; path = "Target Support Files/Pods-Fickr-FickrUITests/Pods-Fickr-FickrUITests.release.xcconfig"; sourceTree = "<group>"; };
/* End PBXFileReference section */

/* Begin PBXFrameworksBuildPhase section */
		061EAF9A24E0C23D00E18460 /* Frameworks */ = {
			isa = PBXFrameworksBuildPhase;
			buildActionMask = 2147483647;
			files = (
				24C3E54D0637B48A2E0C8AB8 /* Pods_Fickr.framework in Frameworks */,
			);
			runOnlyForDeploymentPostprocessing = 0;
		};
		061EAFB024E0C24000E18460 /* Frameworks */ = {
			isa = PBXFrameworksBuildPhase;
			buildActionMask = 2147483647;
			files = (
				6258444766BEE1525408F466 /* Pods_FickrTests.framework in Frameworks */,
			);
			runOnlyForDeploymentPostprocessing = 0;
		};
		061EAFBB24E0C24000E18460 /* Frameworks */ = {
			isa = PBXFrameworksBuildPhase;
			buildActionMask = 2147483647;
			files = (
				7528CCF2072CF5DD6134B706 /* Pods_Fickr_FickrUITests.framework in Frameworks */,
			);
			runOnlyForDeploymentPostprocessing = 0;
		};
/* End PBXFrameworksBuildPhase section */

/* Begin PBXGroup section */
		061EAF9424E0C23D00E18460 = {
			isa = PBXGroup;
			children = (
				061EAF9F24E0C23D00E18460 /* Fickr */,
				061EAFB624E0C24000E18460 /* FickrTests */,
				061EAFC124E0C24000E18460 /* FickrUITests */,
				061EAF9E24E0C23D00E18460 /* Products */,
				F9BDA17DEE045CDAA31AC321 /* Pods */,
				0AEEED80D6634AA079D5D626 /* Frameworks */,
			);
			sourceTree = "<group>";
		};
		061EAF9E24E0C23D00E18460 /* Products */ = {
			isa = PBXGroup;
			children = (
				061EAF9D24E0C23D00E18460 /* Fickr.app */,
				061EAFB324E0C24000E18460 /* FickrTests.xctest */,
				061EAFBE24E0C24000E18460 /* FickrUITests.xctest */,
			);
			name = Products;
			sourceTree = "<group>";
		};
		061EAF9F24E0C23D00E18460 /* Fickr */ = {
			isa = PBXGroup;
			children = (
				06B6F14A24E2160500D28957 /* Features */,
				061EAFDB24E0E0F600E18460 /* Entities */,
				061EAFD624E0D05500E18460 /* Network */,
				061EAFD224E0C3BB00E18460 /* App Delegates */,
				061EAFD024E0C33600E18460 /* Configs */,
				061EAFA624E0C23D00E18460 /* Main.storyboard */,
				061EAFA924E0C23F00E18460 /* Assets.xcassets */,
				061EAFAB24E0C23F00E18460 /* LaunchScreen.storyboard */,
				061EAFAE24E0C23F00E18460 /* Info.plist */,
			);
			path = Fickr;
			sourceTree = "<group>";
		};
		061EAFB624E0C24000E18460 /* FickrTests */ = {
			isa = PBXGroup;
			children = (
				061EAFB724E0C24000E18460 /* FickrTests.swift */,
				061EAFB924E0C24000E18460 /* Info.plist */,
			);
			path = FickrTests;
			sourceTree = "<group>";
		};
		061EAFC124E0C24000E18460 /* FickrUITests */ = {
			isa = PBXGroup;
			children = (
				061EAFC224E0C24000E18460 /* FickrUITests.swift */,
				061EAFC424E0C24000E18460 /* Info.plist */,
			);
			path = FickrUITests;
			sourceTree = "<group>";
		};
		061EAFD024E0C33600E18460 /* Configs */ = {
			isa = PBXGroup;
			children = (
				061EAFD124E0C34C00E18460 /* AppConfiguration.xcconfig */,
			);
			path = Configs;
			sourceTree = "<group>";
		};
		061EAFD224E0C3BB00E18460 /* App Delegates */ = {
			isa = PBXGroup;
			children = (
				061EAFA024E0C23D00E18460 /* AppDelegate.swift */,
				061EAFA224E0C23D00E18460 /* SceneDelegate.swift */,
			);
			path = "App Delegates";
			sourceTree = "<group>";
		};
		061EAFD524E0C3E800E18460 /* SearchView */ = {
			isa = PBXGroup;
			children = (
				06B6F14E24E2165600D28957 /* ViewModel */,
				06B6F14D24E2164E00D28957 /* View */,
			);
			path = SearchView;
			sourceTree = "<group>";
		};
		061EAFD624E0D05500E18460 /* Network */ = {
			isa = PBXGroup;
			children = (
				061EAFD724E0D06100E18460 /* APIService.swift */,
				061EAFD924E0D07100E18460 /* APIRoutable.swift */,
				061EAFDE24E0FCB100E18460 /* SearchService.swift */,
				061EAFE024E0FCDC00E18460 /* SearchRouter.swift */,
				061EAFE724E1101D00E18460 /* DependencyRepository.swift */,
			);
			path = Network;
			sourceTree = "<group>";
		};
		061EAFDB24E0E0F600E18460 /* Entities */ = {
			isa = PBXGroup;
			children = (
				061EAFDC24E0E10500E18460 /* PhotoModel.swift */,
				061EAFE324E1095F00E18460 /* SearchResponseModel.swift */,
			);
			path = Entities;
			sourceTree = "<group>";
		};
		0639ECA924E176520066EACD /* FilterViews */ = {
			isa = PBXGroup;
			children = (
				06B6F14C24E2163100D28957 /* ViewModel */,
				06B6F14B24E2162B00D28957 /* View */,
			);
			path = FilterViews;
			sourceTree = "<group>";
		};
		06B6F14A24E2160500D28957 /* Features */ = {
			isa = PBXGroup;
			children = (
				0639ECA924E176520066EACD /* FilterViews */,
				061EAFD524E0C3E800E18460 /* SearchView */,
			);
			path = Features;
			sourceTree = "<group>";
		};
		06B6F14B24E2162B00D28957 /* View */ = {
			isa = PBXGroup;
			children = (
				0639ECAF24E179610066EACD /* FilterTableViewCell.swift */,
				0639ECAD24E1784F0066EACD /* FilterViewController.swift */,
				0639ECAA24E176700066EACD /* FiltersRowView.swift */,
			);
			path = View;
			sourceTree = "<group>";
		};
		06B6F14C24E2163100D28957 /* ViewModel */ = {
			isa = PBXGroup;
			children = (
				0639ECB124E179AA0066EACD /* FiltersViewModel.swift */,
				0682558D24E21B9C005833BA /* FilterModel.swift */,
				0682558F24E21C4B005833BA /* FilterCellViewModel.swift */,
			);
			path = ViewModel;
			sourceTree = "<group>";
		};
		06B6F14D24E2164E00D28957 /* View */ = {
			isa = PBXGroup;
			children = (
				061EAFA424E0C23D00E18460 /* ViewController.swift */,
				0680458D24E12566002319A6 /* PhotoCollectionViewCell.swift */,
			);
			path = View;
			sourceTree = "<group>";
		};
		06B6F14E24E2165600D28957 /* ViewModel */ = {
			isa = PBXGroup;
			children = (
				061EAFE524E10B4A00E18460 /* SearchViewModel.swift */,
				06C50D6924E1299700523054 /* PhotoCellViewModel.swift */,
			);
			path = ViewModel;
			sourceTree = "<group>";
		};
		0AEEED80D6634AA079D5D626 /* Frameworks */ = {
			isa = PBXGroup;
			children = (
				C4F420D126A2A6762F6FB443 /* Pods_Fickr.framework */,
				C2B83C0A1AB8FC89D92D7449 /* Pods_Fickr_FickrUITests.framework */,
				275399DFDC3E95A541790F30 /* Pods_FickrTests.framework */,
			);
			name = Frameworks;
			sourceTree = "<group>";
		};
		F9BDA17DEE045CDAA31AC321 /* Pods */ = {
			isa = PBXGroup;
			children = (
				A0A81F396E1DC2BC8EAE72E8 /* Pods-Fickr.debug.xcconfig */,
				5962F9C631FF5F9D5D4E909B /* Pods-Fickr.release.xcconfig */,
				8A11D0C5EAAD3C28E56BAFF9 /* Pods-Fickr-FickrUITests.debug.xcconfig */,
				CBB9523E3065EE05D0A8BF30 /* Pods-Fickr-FickrUITests.release.xcconfig */,
				BEE1B754E126C84589FC0DE6 /* Pods-FickrTests.debug.xcconfig */,
				B065E8708C005FF37B0246B5 /* Pods-FickrTests.release.xcconfig */,
			);
			path = Pods;
			sourceTree = "<group>";
		};
/* End PBXGroup section */

/* Begin PBXNativeTarget section */
		061EAF9C24E0C23D00E18460 /* Fickr */ = {
			isa = PBXNativeTarget;
			buildConfigurationList = 061EAFC724E0C24000E18460 /* Build configuration list for PBXNativeTarget "Fickr" */;
			buildPhases = (
				90403633A8143779941E9362 /* [CP] Check Pods Manifest.lock */,
				061EAF9924E0C23D00E18460 /* Sources */,
				061EAF9A24E0C23D00E18460 /* Frameworks */,
				061EAF9B24E0C23D00E18460 /* Resources */,
				98639FFF08ECAE77720B2AB1 /* [CP] Embed Pods Frameworks */,
			);
			buildRules = (
			);
			dependencies = (
			);
			name = Fickr;
			productName = Fickr;
			productReference = 061EAF9D24E0C23D00E18460 /* Fickr.app */;
			productType = "com.apple.product-type.application";
		};
		061EAFB224E0C24000E18460 /* FickrTests */ = {
			isa = PBXNativeTarget;
			buildConfigurationList = 061EAFCA24E0C24000E18460 /* Build configuration list for PBXNativeTarget "FickrTests" */;
			buildPhases = (
				64E631EBBDB659504A6839E7 /* [CP] Check Pods Manifest.lock */,
				061EAFAF24E0C24000E18460 /* Sources */,
				061EAFB024E0C24000E18460 /* Frameworks */,
				061EAFB124E0C24000E18460 /* Resources */,
			);
			buildRules = (
			);
			dependencies = (
				061EAFB524E0C24000E18460 /* PBXTargetDependency */,
			);
			name = FickrTests;
			productName = FickrTests;
			productReference = 061EAFB324E0C24000E18460 /* FickrTests.xctest */;
			productType = "com.apple.product-type.bundle.unit-test";
		};
		061EAFBD24E0C24000E18460 /* FickrUITests */ = {
			isa = PBXNativeTarget;
			buildConfigurationList = 061EAFCD24E0C24000E18460 /* Build configuration list for PBXNativeTarget "FickrUITests" */;
			buildPhases = (
				718D55E8FA5979BF86966389 /* [CP] Check Pods Manifest.lock */,
				061EAFBA24E0C24000E18460 /* Sources */,
				061EAFBB24E0C24000E18460 /* Frameworks */,
				061EAFBC24E0C24000E18460 /* Resources */,
				4A9EC308590206F7E18CE65D /* [CP] Embed Pods Frameworks */,
			);
			buildRules = (
			);
			dependencies = (
				061EAFC024E0C24000E18460 /* PBXTargetDependency */,
			);
			name = FickrUITests;
			productName = FickrUITests;
			productReference = 061EAFBE24E0C24000E18460 /* FickrUITests.xctest */;
			productType = "com.apple.product-type.bundle.ui-testing";
		};
/* End PBXNativeTarget section */

/* Begin PBXProject section */
		061EAF9524E0C23D00E18460 /* Project object */ = {
			isa = PBXProject;
			attributes = {
				LastSwiftUpdateCheck = 1160;
				LastUpgradeCheck = 1160;
				ORGANIZATIONNAME = Shamas;
				TargetAttributes = {
					061EAF9C24E0C23D00E18460 = {
						CreatedOnToolsVersion = 11.6;
					};
					061EAFB224E0C24000E18460 = {
						CreatedOnToolsVersion = 11.6;
						TestTargetID = 061EAF9C24E0C23D00E18460;
					};
					061EAFBD24E0C24000E18460 = {
						CreatedOnToolsVersion = 11.6;
						TestTargetID = 061EAF9C24E0C23D00E18460;
					};
				};
			};
			buildConfigurationList = 061EAF9824E0C23D00E18460 /* Build configuration list for PBXProject "Fickr" */;
			compatibilityVersion = "Xcode 9.3";
			developmentRegion = en;
			hasScannedForEncodings = 0;
			knownRegions = (
				en,
				Base,
			);
			mainGroup = 061EAF9424E0C23D00E18460;
			productRefGroup = 061EAF9E24E0C23D00E18460 /* Products */;
			projectDirPath = "";
			projectRoot = "";
			targets = (
				061EAF9C24E0C23D00E18460 /* Fickr */,
				061EAFB224E0C24000E18460 /* FickrTests */,
				061EAFBD24E0C24000E18460 /* FickrUITests */,
			);
		};
/* End PBXProject section */

/* Begin PBXResourcesBuildPhase section */
		061EAF9B24E0C23D00E18460 /* Resources */ = {
			isa = PBXResourcesBuildPhase;
			buildActionMask = 2147483647;
			files = (
				061EAFAD24E0C23F00E18460 /* LaunchScreen.storyboard in Resources */,
				061EAFAA24E0C23F00E18460 /* Assets.xcassets in Resources */,
				061EAFA824E0C23D00E18460 /* Main.storyboard in Resources */,
			);
			runOnlyForDeploymentPostprocessing = 0;
		};
		061EAFB124E0C24000E18460 /* Resources */ = {
			isa = PBXResourcesBuildPhase;
			buildActionMask = 2147483647;
			files = (
			);
			runOnlyForDeploymentPostprocessing = 0;
		};
		061EAFBC24E0C24000E18460 /* Resources */ = {
			isa = PBXResourcesBuildPhase;
			buildActionMask = 2147483647;
			files = (
			);
			runOnlyForDeploymentPostprocessing = 0;
		};
/* End PBXResourcesBuildPhase section */

/* Begin PBXShellScriptBuildPhase section */
		4A9EC308590206F7E18CE65D /* [CP] Embed Pods Frameworks */ = {
			isa = PBXShellScriptBuildPhase;
			buildActionMask = 2147483647;
			files = (
			);
			inputFileListPaths = (
				"${PODS_ROOT}/Target Support Files/Pods-Fickr-FickrUITests/Pods-Fickr-FickrUITests-frameworks-${CONFIGURATION}-input-files.xcfilelist",
			);
			name = "[CP] Embed Pods Frameworks";
			outputFileListPaths = (
				"${PODS_ROOT}/Target Support Files/Pods-Fickr-FickrUITests/Pods-Fickr-FickrUITests-frameworks-${CONFIGURATION}-output-files.xcfilelist",
			);
			runOnlyForDeploymentPostprocessing = 0;
			shellPath = /bin/sh;
			shellScript = "\"${PODS_ROOT}/Target Support Files/Pods-Fickr-FickrUITests/Pods-Fickr-FickrUITests-frameworks.sh\"\n";
			showEnvVarsInLog = 0;
		};
		64E631EBBDB659504A6839E7 /* [CP] Check Pods Manifest.lock */ = {
			isa = PBXShellScriptBuildPhase;
			buildActionMask = 2147483647;
			files = (
			);
			inputFileListPaths = (
			);
			inputPaths = (
				"${PODS_PODFILE_DIR_PATH}/Podfile.lock",
				"${PODS_ROOT}/Manifest.lock",
			);
			name = "[CP] Check Pods Manifest.lock";
			outputFileListPaths = (
			);
			outputPaths = (
				"$(DERIVED_FILE_DIR)/Pods-FickrTests-checkManifestLockResult.txt",
			);
			runOnlyForDeploymentPostprocessing = 0;
			shellPath = /bin/sh;
			shellScript = "diff \"${PODS_PODFILE_DIR_PATH}/Podfile.lock\" \"${PODS_ROOT}/Manifest.lock\" > /dev/null\nif [ $? != 0 ] ; then\n    # print error to STDERR\n    echo \"error: The sandbox is not in sync with the Podfile.lock. Run 'pod install' or update your CocoaPods installation.\" >&2\n    exit 1\nfi\n# This output is used by Xcode 'outputs' to avoid re-running this script phase.\necho \"SUCCESS\" > \"${SCRIPT_OUTPUT_FILE_0}\"\n";
			showEnvVarsInLog = 0;
		};
		718D55E8FA5979BF86966389 /* [CP] Check Pods Manifest.lock */ = {
			isa = PBXShellScriptBuildPhase;
			buildActionMask = 2147483647;
			files = (
			);
			inputFileListPaths = (
			);
			inputPaths = (
				"${PODS_PODFILE_DIR_PATH}/Podfile.lock",
				"${PODS_ROOT}/Manifest.lock",
			);
			name = "[CP] Check Pods Manifest.lock";
			outputFileListPaths = (
			);
			outputPaths = (
				"$(DERIVED_FILE_DIR)/Pods-Fickr-FickrUITests-checkManifestLockResult.txt",
			);
			runOnlyForDeploymentPostprocessing = 0;
			shellPath = /bin/sh;
			shellScript = "diff \"${PODS_PODFILE_DIR_PATH}/Podfile.lock\" \"${PODS_ROOT}/Manifest.lock\" > /dev/null\nif [ $? != 0 ] ; then\n    # print error to STDERR\n    echo \"error: The sandbox is not in sync with the Podfile.lock. Run 'pod install' or update your CocoaPods installation.\" >&2\n    exit 1\nfi\n# This output is used by Xcode 'outputs' to avoid re-running this script phase.\necho \"SUCCESS\" > \"${SCRIPT_OUTPUT_FILE_0}\"\n";
			showEnvVarsInLog = 0;
		};
		90403633A8143779941E9362 /* [CP] Check Pods Manifest.lock */ = {
			isa = PBXShellScriptBuildPhase;
			buildActionMask = 2147483647;
			files = (
			);
			inputFileListPaths = (
			);
			inputPaths = (
				"${PODS_PODFILE_DIR_PATH}/Podfile.lock",
				"${PODS_ROOT}/Manifest.lock",
			);
			name = "[CP] Check Pods Manifest.lock";
			outputFileListPaths = (
			);
			outputPaths = (
				"$(DERIVED_FILE_DIR)/Pods-Fickr-checkManifestLockResult.txt",
			);
			runOnlyForDeploymentPostprocessing = 0;
			shellPath = /bin/sh;
			shellScript = "diff \"${PODS_PODFILE_DIR_PATH}/Podfile.lock\" \"${PODS_ROOT}/Manifest.lock\" > /dev/null\nif [ $? != 0 ] ; then\n    # print error to STDERR\n    echo \"error: The sandbox is not in sync with the Podfile.lock. Run 'pod install' or update your CocoaPods installation.\" >&2\n    exit 1\nfi\n# This output is used by Xcode 'outputs' to avoid re-running this script phase.\necho \"SUCCESS\" > \"${SCRIPT_OUTPUT_FILE_0}\"\n";
			showEnvVarsInLog = 0;
		};
		98639FFF08ECAE77720B2AB1 /* [CP] Embed Pods Frameworks */ = {
			isa = PBXShellScriptBuildPhase;
			buildActionMask = 2147483647;
			files = (
			);
			inputFileListPaths = (
				"${PODS_ROOT}/Target Support Files/Pods-Fickr/Pods-Fickr-frameworks-${CONFIGURATION}-input-files.xcfilelist",
			);
			name = "[CP] Embed Pods Frameworks";
			outputFileListPaths = (
				"${PODS_ROOT}/Target Support Files/Pods-Fickr/Pods-Fickr-frameworks-${CONFIGURATION}-output-files.xcfilelist",
			);
			runOnlyForDeploymentPostprocessing = 0;
			shellPath = /bin/sh;
			shellScript = "\"${PODS_ROOT}/Target Support Files/Pods-Fickr/Pods-Fickr-frameworks.sh\"\n";
			showEnvVarsInLog = 0;
		};
/* End PBXShellScriptBuildPhase section */

/* Begin PBXSourcesBuildPhase section */
		061EAF9924E0C23D00E18460 /* Sources */ = {
			isa = PBXSourcesBuildPhase;
			buildActionMask = 2147483647;
			files = (
				061EAFDD24E0E10500E18460 /* PhotoModel.swift in Sources */,
				0639ECB224E179AA0066EACD /* FiltersViewModel.swift in Sources */,
				06C50D6A24E1299700523054 /* PhotoCellViewModel.swift in Sources */,
				0682558E24E21B9C005833BA /* FilterModel.swift in Sources */,
				061EAFA524E0C23D00E18460 /* ViewController.swift in Sources */,
				061EAFA124E0C23D00E18460 /* AppDelegate.swift in Sources */,
				0682559024E21C4B005833BA /* FilterCellViewModel.swift in Sources */,
				061EAFD824E0D06100E18460 /* APIService.swift in Sources */,
				0639ECAB24E176700066EACD /* FiltersRowView.swift in Sources */,
				061EAFE824E1101D00E18460 /* DependencyRepository.swift in Sources */,
				061EAFE124E0FCDC00E18460 /* SearchRouter.swift in Sources */,
				0680458E24E12566002319A6 /* PhotoCollectionViewCell.swift in Sources */,
				0639ECAE24E1784F0066EACD /* FilterViewController.swift in Sources */,
				061EAFDF24E0FCB100E18460 /* SearchService.swift in Sources */,
				061EAFE624E10B4A00E18460 /* SearchViewModel.swift in Sources */,
				061EAFE424E1095F00E18460 /* SearchResponseModel.swift in Sources */,
				0639ECB024E179610066EACD /* FilterTableViewCell.swift in Sources */,
				061EAFDA24E0D07100E18460 /* APIRoutable.swift in Sources */,
				061EAFA324E0C23D00E18460 /* SceneDelegate.swift in Sources */,
			);
			runOnlyForDeploymentPostprocessing = 0;
		};
		061EAFAF24E0C24000E18460 /* Sources */ = {
			isa = PBXSourcesBuildPhase;
			buildActionMask = 2147483647;
			files = (
				061EAFB824E0C24000E18460 /* FickrTests.swift in Sources */,
			);
			runOnlyForDeploymentPostprocessing = 0;
		};
		061EAFBA24E0C24000E18460 /* Sources */ = {
			isa = PBXSourcesBuildPhase;
			buildActionMask = 2147483647;
			files = (
				061EAFC324E0C24000E18460 /* FickrUITests.swift in Sources */,
			);
			runOnlyForDeploymentPostprocessing = 0;
		};
/* End PBXSourcesBuildPhase section */

/* Begin PBXTargetDependency section */
		061EAFB524E0C24000E18460 /* PBXTargetDependency */ = {
			isa = PBXTargetDependency;
			target = 061EAF9C24E0C23D00E18460 /* Fickr */;
			targetProxy = 061EAFB424E0C24000E18460 /* PBXContainerItemProxy */;
		};
		061EAFC024E0C24000E18460 /* PBXTargetDependency */ = {
			isa = PBXTargetDependency;
			target = 061EAF9C24E0C23D00E18460 /* Fickr */;
			targetProxy = 061EAFBF24E0C24000E18460 /* PBXContainerItemProxy */;
		};
/* End PBXTargetDependency section */

/* Begin PBXVariantGroup section */
		061EAFA624E0C23D00E18460 /* Main.storyboard */ = {
			isa = PBXVariantGroup;
			children = (
				061EAFA724E0C23D00E18460 /* Base */,
			);
			name = Main.storyboard;
			sourceTree = "<group>";
		};
		061EAFAB24E0C23F00E18460 /* LaunchScreen.storyboard */ = {
			isa = PBXVariantGroup;
			children = (
				061EAFAC24E0C23F00E18460 /* Base */,
			);
			name = LaunchScreen.storyboard;
			sourceTree = "<group>";
		};
/* End PBXVariantGroup section */

/* Begin XCBuildConfiguration section */
		061EAFC524E0C24000E18460 /* Debug */ = {
			isa = XCBuildConfiguration;
			buildSettings = {
				ALWAYS_SEARCH_USER_PATHS = NO;
				CLANG_ANALYZER_NONNULL = YES;
				CLANG_ANALYZER_NUMBER_OBJECT_CONVERSION = YES_AGGRESSIVE;
				CLANG_CXX_LANGUAGE_STANDARD = "gnu++14";
				CLANG_CXX_LIBRARY = "libc++";
				CLANG_ENABLE_MODULES = YES;
				CLANG_ENABLE_OBJC_ARC = YES;
				CLANG_ENABLE_OBJC_WEAK = YES;
				CLANG_WARN_BLOCK_CAPTURE_AUTORELEASING = YES;
				CLANG_WARN_BOOL_CONVERSION = YES;
				CLANG_WARN_COMMA = YES;
				CLANG_WARN_CONSTANT_CONVERSION = YES;
				CLANG_WARN_DEPRECATED_OBJC_IMPLEMENTATIONS = YES;
				CLANG_WARN_DIRECT_OBJC_ISA_USAGE = YES_ERROR;
				CLANG_WARN_DOCUMENTATION_COMMENTS = YES;
				CLANG_WARN_EMPTY_BODY = YES;
				CLANG_WARN_ENUM_CONVERSION = YES;
				CLANG_WARN_INFINITE_RECURSION = YES;
				CLANG_WARN_INT_CONVERSION = YES;
				CLANG_WARN_NON_LITERAL_NULL_CONVERSION = YES;
				CLANG_WARN_OBJC_IMPLICIT_RETAIN_SELF = YES;
				CLANG_WARN_OBJC_LITERAL_CONVERSION = YES;
				CLANG_WARN_OBJC_ROOT_CLASS = YES_ERROR;
				CLANG_WARN_RANGE_LOOP_ANALYSIS = YES;
				CLANG_WARN_STRICT_PROTOTYPES = YES;
				CLANG_WARN_SUSPICIOUS_MOVE = YES;
				CLANG_WARN_UNGUARDED_AVAILABILITY = YES_AGGRESSIVE;
				CLANG_WARN_UNREACHABLE_CODE = YES;
				CLANG_WARN__DUPLICATE_METHOD_MATCH = YES;
				COPY_PHASE_STRIP = NO;
				DEBUG_INFORMATION_FORMAT = dwarf;
				ENABLE_STRICT_OBJC_MSGSEND = YES;
				ENABLE_TESTABILITY = YES;
				GCC_C_LANGUAGE_STANDARD = gnu11;
				GCC_DYNAMIC_NO_PIC = NO;
				GCC_NO_COMMON_BLOCKS = YES;
				GCC_OPTIMIZATION_LEVEL = 0;
				GCC_PREPROCESSOR_DEFINITIONS = (
					"DEBUG=1",
					"$(inherited)",
				);
				GCC_WARN_64_TO_32_BIT_CONVERSION = YES;
				GCC_WARN_ABOUT_RETURN_TYPE = YES_ERROR;
				GCC_WARN_UNDECLARED_SELECTOR = YES;
				GCC_WARN_UNINITIALIZED_AUTOS = YES_AGGRESSIVE;
				GCC_WARN_UNUSED_FUNCTION = YES;
				GCC_WARN_UNUSED_VARIABLE = YES;
				IPHONEOS_DEPLOYMENT_TARGET = 13.6;
				MTL_ENABLE_DEBUG_INFO = INCLUDE_SOURCE;
				MTL_FAST_MATH = YES;
				ONLY_ACTIVE_ARCH = YES;
				SDKROOT = iphoneos;
				SWIFT_ACTIVE_COMPILATION_CONDITIONS = DEBUG;
				SWIFT_OPTIMIZATION_LEVEL = "-Onone";
			};
			name = Debug;
		};
		061EAFC624E0C24000E18460 /* Release */ = {
			isa = XCBuildConfiguration;
			buildSettings = {
				ALWAYS_SEARCH_USER_PATHS = NO;
				CLANG_ANALYZER_NONNULL = YES;
				CLANG_ANALYZER_NUMBER_OBJECT_CONVERSION = YES_AGGRESSIVE;
				CLANG_CXX_LANGUAGE_STANDARD = "gnu++14";
				CLANG_CXX_LIBRARY = "libc++";
				CLANG_ENABLE_MODULES = YES;
				CLANG_ENABLE_OBJC_ARC = YES;
				CLANG_ENABLE_OBJC_WEAK = YES;
				CLANG_WARN_BLOCK_CAPTURE_AUTORELEASING = YES;
				CLANG_WARN_BOOL_CONVERSION = YES;
				CLANG_WARN_COMMA = YES;
				CLANG_WARN_CONSTANT_CONVERSION = YES;
				CLANG_WARN_DEPRECATED_OBJC_IMPLEMENTATIONS = YES;
				CLANG_WARN_DIRECT_OBJC_ISA_USAGE = YES_ERROR;
				CLANG_WARN_DOCUMENTATION_COMMENTS = YES;
				CLANG_WARN_EMPTY_BODY = YES;
				CLANG_WARN_ENUM_CONVERSION = YES;
				CLANG_WARN_INFINITE_RECURSION = YES;
				CLANG_WARN_INT_CONVERSION = YES;
				CLANG_WARN_NON_LITERAL_NULL_CONVERSION = YES;
				CLANG_WARN_OBJC_IMPLICIT_RETAIN_SELF = YES;
				CLANG_WARN_OBJC_LITERAL_CONVERSION = YES;
				CLANG_WARN_OBJC_ROOT_CLASS = YES_ERROR;
				CLANG_WARN_RANGE_LOOP_ANALYSIS = YES;
				CLANG_WARN_STRICT_PROTOTYPES = YES;
				CLANG_WARN_SUSPICIOUS_MOVE = YES;
				CLANG_WARN_UNGUARDED_AVAILABILITY = YES_AGGRESSIVE;
				CLANG_WARN_UNREACHABLE_CODE = YES;
				CLANG_WARN__DUPLICATE_METHOD_MATCH = YES;
				COPY_PHASE_STRIP = NO;
				DEBUG_INFORMATION_FORMAT = "dwarf-with-dsym";
				ENABLE_NS_ASSERTIONS = NO;
				ENABLE_STRICT_OBJC_MSGSEND = YES;
				GCC_C_LANGUAGE_STANDARD = gnu11;
				GCC_NO_COMMON_BLOCKS = YES;
				GCC_WARN_64_TO_32_BIT_CONVERSION = YES;
				GCC_WARN_ABOUT_RETURN_TYPE = YES_ERROR;
				GCC_WARN_UNDECLARED_SELECTOR = YES;
				GCC_WARN_UNINITIALIZED_AUTOS = YES_AGGRESSIVE;
				GCC_WARN_UNUSED_FUNCTION = YES;
				GCC_WARN_UNUSED_VARIABLE = YES;
				IPHONEOS_DEPLOYMENT_TARGET = 13.6;
				MTL_ENABLE_DEBUG_INFO = NO;
				MTL_FAST_MATH = YES;
				SDKROOT = iphoneos;
				SWIFT_COMPILATION_MODE = wholemodule;
				SWIFT_OPTIMIZATION_LEVEL = "-O";
				VALIDATE_PRODUCT = YES;
			};
			name = Release;
		};
		061EAFC824E0C24000E18460 /* Debug */ = {
			isa = XCBuildConfiguration;
			baseConfigurationReference = A0A81F396E1DC2BC8EAE72E8 /* Pods-Fickr.debug.xcconfig */;
			buildSettings = {
				ASSETCATALOG_COMPILER_APPICON_NAME = AppIcon;
				CODE_SIGN_STYLE = Automatic;
				INFOPLIST_FILE = Fickr/Info.plist;
				LD_RUNPATH_SEARCH_PATHS = (
					"$(inherited)",
					"@executable_path/Frameworks",
				);
				PRODUCT_BUNDLE_IDENTIFIER = com.test.Fickr;
				PRODUCT_NAME = "$(TARGET_NAME)";
				SWIFT_VERSION = 5.0;
				TARGETED_DEVICE_FAMILY = "1,2";
			};
			name = Debug;
		};
		061EAFC924E0C24000E18460 /* Release */ = {
			isa = XCBuildConfiguration;
			baseConfigurationReference = 5962F9C631FF5F9D5D4E909B /* Pods-Fickr.release.xcconfig */;
			buildSettings = {
				ASSETCATALOG_COMPILER_APPICON_NAME = AppIcon;
				CODE_SIGN_STYLE = Automatic;
				INFOPLIST_FILE = Fickr/Info.plist;
				LD_RUNPATH_SEARCH_PATHS = (
					"$(inherited)",
					"@executable_path/Frameworks",
				);
				PRODUCT_BUNDLE_IDENTIFIER = com.test.Fickr;
				PRODUCT_NAME = "$(TARGET_NAME)";
				SWIFT_VERSION = 5.0;
				TARGETED_DEVICE_FAMILY = "1,2";
			};
			name = Release;
		};
		061EAFCB24E0C24000E18460 /* Debug */ = {
			isa = XCBuildConfiguration;
			baseConfigurationReference = BEE1B754E126C84589FC0DE6 /* Pods-FickrTests.debug.xcconfig */;
			buildSettings = {
				ALWAYS_EMBED_SWIFT_STANDARD_LIBRARIES = YES;
				BUNDLE_LOADER = "$(TEST_HOST)";
				CODE_SIGN_STYLE = Automatic;
				INFOPLIST_FILE = FickrTests/Info.plist;
				IPHONEOS_DEPLOYMENT_TARGET = 13.6;
				LD_RUNPATH_SEARCH_PATHS = (
					"$(inherited)",
					"@executable_path/Frameworks",
					"@loader_path/Frameworks",
				);
				PRODUCT_BUNDLE_IDENTIFIER = com.test.FickrTests;
				PRODUCT_NAME = "$(TARGET_NAME)";
				SWIFT_VERSION = 5.0;
				TARGETED_DEVICE_FAMILY = "1,2";
				TEST_HOST = "$(BUILT_PRODUCTS_DIR)/Fickr.app/Fickr";
			};
			name = Debug;
		};
		061EAFCC24E0C24000E18460 /* Release */ = {
			isa = XCBuildConfiguration;
			baseConfigurationReference = B065E8708C005FF37B0246B5 /* Pods-FickrTests.release.xcconfig */;
			buildSettings = {
				ALWAYS_EMBED_SWIFT_STANDARD_LIBRARIES = YES;
				BUNDLE_LOADER = "$(TEST_HOST)";
				CODE_SIGN_STYLE = Automatic;
				INFOPLIST_FILE = FickrTests/Info.plist;
				IPHONEOS_DEPLOYMENT_TARGET = 13.6;
				LD_RUNPATH_SEARCH_PATHS = (
					"$(inherited)",
					"@executable_path/Frameworks",
					"@loader_path/Frameworks",
				);
				PRODUCT_BUNDLE_IDENTIFIER = com.test.FickrTests;
				PRODUCT_NAME = "$(TARGET_NAME)";
				SWIFT_VERSION = 5.0;
				TARGETED_DEVICE_FAMILY = "1,2";
				TEST_HOST = "$(BUILT_PRODUCTS_DIR)/Fickr.app/Fickr";
			};
			name = Release;
		};
		061EAFCE24E0C24000E18460 /* Debug */ = {
			isa = XCBuildConfiguration;
			baseConfigurationReference = 8A11D0C5EAAD3C28E56BAFF9 /* Pods-Fickr-FickrUITests.debug.xcconfig */;
			buildSettings = {
				ALWAYS_EMBED_SWIFT_STANDARD_LIBRARIES = YES;
				CODE_SIGN_STYLE = Automatic;
				INFOPLIST_FILE = FickrUITests/Info.plist;
				LD_RUNPATH_SEARCH_PATHS = (
					"$(inherited)",
					"@executable_path/Frameworks",
					"@loader_path/Frameworks",
				);
				PRODUCT_BUNDLE_IDENTIFIER = com.test.FickrUITests;
				PRODUCT_NAME = "$(TARGET_NAME)";
				SWIFT_VERSION = 5.0;
				TARGETED_DEVICE_FAMILY = "1,2";
				TEST_TARGET_NAME = Fickr;
			};
			name = Debug;
		};
		061EAFCF24E0C24000E18460 /* Release */ = {
			isa = XCBuildConfiguration;
			baseConfigurationReference = CBB9523E3065EE05D0A8BF30 /* Pods-Fickr-FickrUITests.release.xcconfig */;
			buildSettings = {
				ALWAYS_EMBED_SWIFT_STANDARD_LIBRARIES = YES;
				CODE_SIGN_STYLE = Automatic;
				INFOPLIST_FILE = FickrUITests/Info.plist;
				LD_RUNPATH_SEARCH_PATHS = (
					"$(inherited)",
					"@executable_path/Frameworks",
					"@loader_path/Frameworks",
				);
				PRODUCT_BUNDLE_IDENTIFIER = com.test.FickrUITests;
				PRODUCT_NAME = "$(TARGET_NAME)";
				SWIFT_VERSION = 5.0;
				TARGETED_DEVICE_FAMILY = "1,2";
				TEST_TARGET_NAME = Fickr;
			};
			name = Release;
		};
/* End XCBuildConfiguration section */

/* Begin XCConfigurationList section */
		061EAF9824E0C23D00E18460 /* Build configuration list for PBXProject "Fickr" */ = {
			isa = XCConfigurationList;
			buildConfigurations = (
				061EAFC524E0C24000E18460 /* Debug */,
				061EAFC624E0C24000E18460 /* Release */,
			);
			defaultConfigurationIsVisible = 0;
			defaultConfigurationName = Release;
		};
		061EAFC724E0C24000E18460 /* Build configuration list for PBXNativeTarget "Fickr" */ = {
			isa = XCConfigurationList;
			buildConfigurations = (
				061EAFC824E0C24000E18460 /* Debug */,
				061EAFC924E0C24000E18460 /* Release */,
			);
			defaultConfigurationIsVisible = 0;
			defaultConfigurationName = Release;
		};
		061EAFCA24E0C24000E18460 /* Build configuration list for PBXNativeTarget "FickrTests" */ = {
			isa = XCConfigurationList;
			buildConfigurations = (
				061EAFCB24E0C24000E18460 /* Debug */,
				061EAFCC24E0C24000E18460 /* Release */,
			);
			defaultConfigurationIsVisible = 0;
			defaultConfigurationName = Release;
		};
		061EAFCD24E0C24000E18460 /* Build configuration list for PBXNativeTarget "FickrUITests" */ = {
			isa = XCConfigurationList;
			buildConfigurations = (
				061EAFCE24E0C24000E18460 /* Debug */,
				061EAFCF24E0C24000E18460 /* Release */,
			);
			defaultConfigurationIsVisible = 0;
			defaultConfigurationName = Release;
		};
/* End XCConfigurationList section */
	};
	rootObject = 061EAF9524E0C23D00E18460 /* Project object */;
}
